// !$*UTF8*$!
{
	archiveVersion = 1;
	classes = {
	};
	objectVersion = 50;
	objects = {

/* Begin PBXBuildFile section */
		8462B67F23E96FBB00A42CEC /* SourceForPars.swift in Sources */ = {isa = PBXBuildFile; fileRef = 8462B67E23E96FBB00A42CEC /* SourceForPars.swift */; };
		8488912323DF16370012CD69 /* ViewControllerWithTableView.swift in Sources */ = {isa = PBXBuildFile; fileRef = 8488912223DF16370012CD69 /* ViewControllerWithTableView.swift */; };
		8488914E23E059260012CD69 /* CellTableViewCell.swift in Sources */ = {isa = PBXBuildFile; fileRef = 8488914C23E059260012CD69 /* CellTableViewCell.swift */; };
		8488914F23E059260012CD69 /* CellTableViewCell.xib in Resources */ = {isa = PBXBuildFile; fileRef = 8488914D23E059260012CD69 /* CellTableViewCell.xib */; };
		848B63CF23E0829700D43771 /* listOfBooks.json in Resources */ = {isa = PBXBuildFile; fileRef = 848B63CE23E0829700D43771 /* listOfBooks.json */; };
		848B63D123E0877700D43771 /* APIManager.swift in Sources */ = {isa = PBXBuildFile; fileRef = 848B63D023E0877700D43771 /* APIManager.swift */; };
		848B63D323E087AD00D43771 /* JsonDataGetter.swift in Sources */ = {isa = PBXBuildFile; fileRef = 848B63D223E087AD00D43771 /* JsonDataGetter.swift */; };
		848B63D523E08A6700D43771 /* DataManager.swift in Sources */ = {isa = PBXBuildFile; fileRef = 848B63D423E08A6700D43771 /* DataManager.swift */; };
		8497147B23DEE4A100E92190 /* AppDelegate.swift in Sources */ = {isa = PBXBuildFile; fileRef = 8497147A23DEE4A100E92190 /* AppDelegate.swift */; };
		8497147F23DEE4A100E92190 /* ViewControllerStart.swift in Sources */ = {isa = PBXBuildFile; fileRef = 8497147E23DEE4A100E92190 /* ViewControllerStart.swift */; };
		8497148423DEE4A200E92190 /* Assets.xcassets in Resources */ = {isa = PBXBuildFile; fileRef = 8497148323DEE4A200E92190 /* Assets.xcassets */; };
		8497148723DEE4A200E92190 /* LaunchScreen.storyboard in Resources */ = {isa = PBXBuildFile; fileRef = 8497148523DEE4A200E92190 /* LaunchScreen.storyboard */; };
		84A2AC6623E1AE8E0013EE5B /* DetailViewController.swift in Sources */ = {isa = PBXBuildFile; fileRef = 84A2AC6523E1AE8E0013EE5B /* DetailViewController.swift */; };
		84ABC3BB23E3313F006C3501 /* magazines.json in Resources */ = {isa = PBXBuildFile; fileRef = 84ABC3BA23E3313F006C3501 /* magazines.json */; };
		84CCE30023E458D9000C1D12 /* MagazineApiManager.swift in Sources */ = {isa = PBXBuildFile; fileRef = 84CCE2FF23E458D9000C1D12 /* MagazineApiManager.swift */; };
		84CCE30223E45908000C1D12 /* MagazineJsonDataGetter.swift in Sources */ = {isa = PBXBuildFile; fileRef = 84CCE30123E45908000C1D12 /* MagazineJsonDataGetter.swift */; };
		84CCE30423E4592A000C1D12 /* MagazineDataManager.swift in Sources */ = {isa = PBXBuildFile; fileRef = 84CCE30323E4592A000C1D12 /* MagazineDataManager.swift */; };
		84CCE30623E459B8000C1D12 /* Struct.swift in Sources */ = {isa = PBXBuildFile; fileRef = 84CCE30523E459B8000C1D12 /* Struct.swift */; };
/* End PBXBuildFile section */

/* Begin PBXFileReference section */
		8462B67E23E96FBB00A42CEC /* SourceForPars.swift */ = {isa = PBXFileReference; lastKnownFileType = sourcecode.swift; path = SourceForPars.swift; sourceTree = "<group>"; };
		8488912223DF16370012CD69 /* ViewControllerWithTableView.swift */ = {isa = PBXFileReference; lastKnownFileType = sourcecode.swift; path = ViewControllerWithTableView.swift; sourceTree = "<group>"; };
		8488914C23E059260012CD69 /* CellTableViewCell.swift */ = {isa = PBXFileReference; lastKnownFileType = sourcecode.swift; path = CellTableViewCell.swift; sourceTree = "<group>"; };
		8488914D23E059260012CD69 /* CellTableViewCell.xib */ = {isa = PBXFileReference; lastKnownFileType = file.xib; path = CellTableViewCell.xib; sourceTree = "<group>"; };
		848B63CE23E0829700D43771 /* listOfBooks.json */ = {isa = PBXFileReference; lastKnownFileType = text.json; path = listOfBooks.json; sourceTree = "<group>"; };
		848B63D023E0877700D43771 /* APIManager.swift */ = {isa = PBXFileReference; lastKnownFileType = sourcecode.swift; path = APIManager.swift; sourceTree = "<group>"; };
		848B63D223E087AD00D43771 /* JsonDataGetter.swift */ = {isa = PBXFileReference; lastKnownFileType = sourcecode.swift; path = JsonDataGetter.swift; sourceTree = "<group>"; };
		848B63D423E08A6700D43771 /* DataManager.swift */ = {isa = PBXFileReference; lastKnownFileType = sourcecode.swift; path = DataManager.swift; sourceTree = "<group>"; };
		8497147723DEE4A100E92190 /* Books_2.app */ = {isa = PBXFileReference; explicitFileType = wrapper.application; includeInIndex = 0; path = Books_2.app; sourceTree = BUILT_PRODUCTS_DIR; };
		8497147A23DEE4A100E92190 /* AppDelegate.swift */ = {isa = PBXFileReference; lastKnownFileType = sourcecode.swift; path = AppDelegate.swift; sourceTree = "<group>"; };
		8497147E23DEE4A100E92190 /* ViewControllerStart.swift */ = {isa = PBXFileReference; lastKnownFileType = sourcecode.swift; path = ViewControllerStart.swift; sourceTree = "<group>"; };
		8497148323DEE4A200E92190 /* Assets.xcassets */ = {isa = PBXFileReference; lastKnownFileType = folder.assetcatalog; path = Assets.xcassets; sourceTree = "<group>"; };
		8497148623DEE4A200E92190 /* Base */ = {isa = PBXFileReference; lastKnownFileType = file.storyboard; name = Base; path = Base.lproj/LaunchScreen.storyboard; sourceTree = "<group>"; };
		8497148823DEE4A200E92190 /* Info.plist */ = {isa = PBXFileReference; lastKnownFileType = text.plist.xml; path = Info.plist; sourceTree = "<group>"; };
		84A2AC6523E1AE8E0013EE5B /* DetailViewController.swift */ = {isa = PBXFileReference; lastKnownFileType = sourcecode.swift; path = DetailViewController.swift; sourceTree = "<group>"; };
		84ABC3BA23E3313F006C3501 /* magazines.json */ = {isa = PBXFileReference; lastKnownFileType = text.json; path = magazines.json; sourceTree = "<group>"; };
		84CCE2FF23E458D9000C1D12 /* MagazineApiManager.swift */ = {isa = PBXFileReference; lastKnownFileType = sourcecode.swift; path = MagazineApiManager.swift; sourceTree = "<group>"; };
		84CCE30123E45908000C1D12 /* MagazineJsonDataGetter.swift */ = {isa = PBXFileReference; lastKnownFileType = sourcecode.swift; path = MagazineJsonDataGetter.swift; sourceTree = "<group>"; };
		84CCE30323E4592A000C1D12 /* MagazineDataManager.swift */ = {isa = PBXFileReference; lastKnownFileType = sourcecode.swift; path = MagazineDataManager.swift; sourceTree = "<group>"; };
		84CCE30523E459B8000C1D12 /* Struct.swift */ = {isa = PBXFileReference; lastKnownFileType = sourcecode.swift; path = Struct.swift; sourceTree = "<group>"; };
/* End PBXFileReference section */

/* Begin PBXFrameworksBuildPhase section */
		8497147423DEE4A100E92190 /* Frameworks */ = {
			isa = PBXFrameworksBuildPhase;
			buildActionMask = 2147483647;
			files = (
			);
			runOnlyForDeploymentPostprocessing = 0;
		};
/* End PBXFrameworksBuildPhase section */

/* Begin PBXGroup section */
		8497146E23DEE4A100E92190 = {
			isa = PBXGroup;
			children = (
				8497147923DEE4A100E92190 /* Books_2 */,
				8497147823DEE4A100E92190 /* Products */,
			);
			sourceTree = "<group>";
		};
		8497147823DEE4A100E92190 /* Products */ = {
			isa = PBXGroup;
			children = (
				8497147723DEE4A100E92190 /* Books_2.app */,
			);
			name = Products;
			sourceTree = "<group>";
		};
		8497147923DEE4A100E92190 /* Books_2 */ = {
			isa = PBXGroup;
			children = (
				8497147A23DEE4A100E92190 /* AppDelegate.swift */,
				8497147E23DEE4A100E92190 /* ViewControllerStart.swift */,
				8488912223DF16370012CD69 /* ViewControllerWithTableView.swift */,
				84A2AC6523E1AE8E0013EE5B /* DetailViewController.swift */,
				8497148323DEE4A200E92190 /* Assets.xcassets */,
				8497148523DEE4A200E92190 /* LaunchScreen.storyboard */,
				8497148823DEE4A200E92190 /* Info.plist */,
				8488914C23E059260012CD69 /* CellTableViewCell.swift */,
				8488914D23E059260012CD69 /* CellTableViewCell.xib */,
				848B63CE23E0829700D43771 /* listOfBooks.json */,
				84A2AC6723E1D0370013EE5B /* DataManager */,
				84CCE2FE23E45888000C1D12 /* DataManagerForMagazines */,
				84ABC3BA23E3313F006C3501 /* magazines.json */,
				84CCE30523E459B8000C1D12 /* Struct.swift */,
				8462B67E23E96FBB00A42CEC /* SourceForPars.swift */,
			);
			path = Books_2;
			sourceTree = "<group>";
		};
		84A2AC6723E1D0370013EE5B /* DataManager */ = {
			isa = PBXGroup;
			children = (
				848B63D023E0877700D43771 /* APIManager.swift */,
				848B63D223E087AD00D43771 /* JsonDataGetter.swift */,
				848B63D423E08A6700D43771 /* DataManager.swift */,
			);
			path = DataManager;
			sourceTree = "<group>";
		};
		84CCE2FE23E45888000C1D12 /* DataManagerForMagazines */ = {
			isa = PBXGroup;
			children = (
				84CCE2FF23E458D9000C1D12 /* MagazineApiManager.swift */,
				84CCE30123E45908000C1D12 /* MagazineJsonDataGetter.swift */,
				84CCE30323E4592A000C1D12 /* MagazineDataManager.swift */,
			);
			path = DataManagerForMagazines;
			sourceTree = "<group>";
		};
/* End PBXGroup section */

/* Begin PBXNativeTarget section */
		8497147623DEE4A100E92190 /* Books_2 */ = {
			isa = PBXNativeTarget;
			buildConfigurationList = 8497148B23DEE4A200E92190 /* Build configuration list for PBXNativeTarget "Books_2" */;
			buildPhases = (
				8497147323DEE4A100E92190 /* Sources */,
				8497147423DEE4A100E92190 /* Frameworks */,
				8497147523DEE4A100E92190 /* Resources */,
			);
			buildRules = (
			);
			dependencies = (
			);
			name = Books_2;
			productName = Books_2;
			productReference = 8497147723DEE4A100E92190 /* Books_2.app */;
			productType = "com.apple.product-type.application";
		};
/* End PBXNativeTarget section */

/* Begin PBXProject section */
		8497146F23DEE4A100E92190 /* Project object */ = {
			isa = PBXProject;
			attributes = {
				LastSwiftUpdateCheck = 1130;
				LastUpgradeCheck = 1130;
				ORGANIZATIONNAME = Alex;
				TargetAttributes = {
					8497147623DEE4A100E92190 = {
						CreatedOnToolsVersion = 11.3;
					};
				};
			};
			buildConfigurationList = 8497147223DEE4A100E92190 /* Build configuration list for PBXProject "Books_2" */;
			compatibilityVersion = "Xcode 9.3";
			developmentRegion = en;
			hasScannedForEncodings = 0;
			knownRegions = (
				en,
				Base,
			);
			mainGroup = 8497146E23DEE4A100E92190;
			productRefGroup = 8497147823DEE4A100E92190 /* Products */;
			projectDirPath = "";
			projectRoot = "";
			targets = (
				8497147623DEE4A100E92190 /* Books_2 */,
			);
		};
/* End PBXProject section */

/* Begin PBXResourcesBuildPhase section */
		8497147523DEE4A100E92190 /* Resources */ = {
			isa = PBXResourcesBuildPhase;
			buildActionMask = 2147483647;
			files = (
				8497148723DEE4A200E92190 /* LaunchScreen.storyboard in Resources */,
				84ABC3BB23E3313F006C3501 /* magazines.json in Resources */,
				8488914F23E059260012CD69 /* CellTableViewCell.xib in Resources */,
				8497148423DEE4A200E92190 /* Assets.xcassets in Resources */,
				848B63CF23E0829700D43771 /* listOfBooks.json in Resources */,
			);
			runOnlyForDeploymentPostprocessing = 0;
		};
/* End PBXResourcesBuildPhase section */

/* Begin PBXSourcesBuildPhase section */
		8497147323DEE4A100E92190 /* Sources */ = {
			isa = PBXSourcesBuildPhase;
			buildActionMask = 2147483647;
			files = (
				84CCE30623E459B8000C1D12 /* Struct.swift in Sources */,
				848B63D123E0877700D43771 /* APIManager.swift in Sources */,
				848B63D523E08A6700D43771 /* DataManager.swift in Sources */,
				84CCE30423E4592A000C1D12 /* MagazineDataManager.swift in Sources */,
				8462B67F23E96FBB00A42CEC /* SourceForPars.swift in Sources */,
				8497147F23DEE4A100E92190 /* ViewControllerStart.swift in Sources */,
				848B63D323E087AD00D43771 /* JsonDataGetter.swift in Sources */,
				84CCE30223E45908000C1D12 /* MagazineJsonDataGetter.swift in Sources */,
				8488914E23E059260012CD69 /* CellTableViewCell.swift in Sources */,
				8497147B23DEE4A100E92190 /* AppDelegate.swift in Sources */,
				84CCE30023E458D9000C1D12 /* MagazineApiManager.swift in Sources */,
				8488912323DF16370012CD69 /* ViewControllerWithTableView.swift in Sources */,
				84A2AC6623E1AE8E0013EE5B /* DetailViewController.swift in Sources */,
			);
			runOnlyForDeploymentPostprocessing = 0;
		};
/* End PBXSourcesBuildPhase section */

/* Begin PBXVariantGroup section */
		8497148523DEE4A200E92190 /* LaunchScreen.storyboard */ = {
			isa = PBXVariantGroup;
			children = (
				8497148623DEE4A200E92190 /* Base */,
			);
			name = LaunchScreen.storyboard;
			sourceTree = "<group>";
		};
/* End PBXVariantGroup section */

/* Begin XCBuildConfiguration section */
		8497148923DEE4A200E92190 /* Debug */ = {
			isa = XCBuildConfiguration;
			buildSettings = {
				ALWAYS_SEARCH_USER_PATHS = NO;
				CLANG_ANALYZER_NONNULL = YES;
				CLANG_ANALYZER_NUMBER_OBJECT_CONVERSION = YES_AGGRESSIVE;
				CLANG_CXX_LANGUAGE_STANDARD = "gnu++14";
				CLANG_CXX_LIBRARY = "libc++";
				CLANG_ENABLE_MODULES = YES;
				CLANG_ENABLE_OBJC_ARC = YES;
				CLANG_ENABLE_OBJC_WEAK = YES;
				CLANG_WARN_BLOCK_CAPTURE_AUTORELEASING = YES;
				CLANG_WARN_BOOL_CONVERSION = YES;
				CLANG_WARN_COMMA = YES;
				CLANG_WARN_CONSTANT_CONVERSION = YES;
				CLANG_WARN_DEPRECATED_OBJC_IMPLEMENTATIONS = YES;
				CLANG_WARN_DIRECT_OBJC_ISA_USAGE = YES_ERROR;
				CLANG_WARN_DOCUMENTATION_COMMENTS = YES;
				CLANG_WARN_EMPTY_BODY = YES;
				CLANG_WARN_ENUM_CONVERSION = YES;
				CLANG_WARN_INFINITE_RECURSION = YES;
				CLANG_WARN_INT_CONVERSION = YES;
				CLANG_WARN_NON_LITERAL_NULL_CONVERSION = YES;
				CLANG_WARN_OBJC_IMPLICIT_RETAIN_SELF = YES;
				CLANG_WARN_OBJC_LITERAL_CONVERSION = YES;
				CLANG_WARN_OBJC_ROOT_CLASS = YES_ERROR;
				CLANG_WARN_RANGE_LOOP_ANALYSIS = YES;
				CLANG_WARN_STRICT_PROTOTYPES = YES;
				CLANG_WARN_SUSPICIOUS_MOVE = YES;
				CLANG_WARN_UNGUARDED_AVAILABILITY = YES_AGGRESSIVE;
				CLANG_WARN_UNREACHABLE_CODE = YES;
				CLANG_WARN__DUPLICATE_METHOD_MATCH = YES;
				COPY_PHASE_STRIP = NO;
				DEBUG_INFORMATION_FORMAT = dwarf;
				ENABLE_STRICT_OBJC_MSGSEND = YES;
				ENABLE_TESTABILITY = YES;
				GCC_C_LANGUAGE_STANDARD = gnu11;
				GCC_DYNAMIC_NO_PIC = NO;
				GCC_NO_COMMON_BLOCKS = YES;
				GCC_OPTIMIZATION_LEVEL = 0;
				GCC_PREPROCESSOR_DEFINITIONS = (
					"DEBUG=1",
					"$(inherited)",
				);
				GCC_WARN_64_TO_32_BIT_CONVERSION = YES;
				GCC_WARN_ABOUT_RETURN_TYPE = YES_ERROR;
				GCC_WARN_UNDECLARED_SELECTOR = YES;
				GCC_WARN_UNINITIALIZED_AUTOS = YES_AGGRESSIVE;
				GCC_WARN_UNUSED_FUNCTION = YES;
				GCC_WARN_UNUSED_VARIABLE = YES;
				IPHONEOS_DEPLOYMENT_TARGET = 13.2;
				MTL_ENABLE_DEBUG_INFO = INCLUDE_SOURCE;
				MTL_FAST_MATH = YES;
				ONLY_ACTIVE_ARCH = YES;
				SDKROOT = iphoneos;
				SWIFT_ACTIVE_COMPILATION_CONDITIONS = DEBUG;
				SWIFT_OPTIMIZATION_LEVEL = "-Onone";
			};
			name = Debug;
		};
		8497148A23DEE4A200E92190 /* Release */ = {
			isa = XCBuildConfiguration;
			buildSettings = {
				ALWAYS_SEARCH_USER_PATHS = NO;
				CLANG_ANALYZER_NONNULL = YES;
				CLANG_ANALYZER_NUMBER_OBJECT_CONVERSION = YES_AGGRESSIVE;
				CLANG_CXX_LANGUAGE_STANDARD = "gnu++14";
				CLANG_CXX_LIBRARY = "libc++";
				CLANG_ENABLE_MODULES = YES;
				CLANG_ENABLE_OBJC_ARC = YES;
				CLANG_ENABLE_OBJC_WEAK = YES;
				CLANG_WARN_BLOCK_CAPTURE_AUTORELEASING = YES;
				CLANG_WARN_BOOL_CONVERSION = YES;
				CLANG_WARN_COMMA = YES;
				CLANG_WARN_CONSTANT_CONVERSION = YES;
				CLANG_WARN_DEPRECATED_OBJC_IMPLEMENTATIONS = YES;
				CLANG_WARN_DIRECT_OBJC_ISA_USAGE = YES_ERROR;
				CLANG_WARN_DOCUMENTATION_COMMENTS = YES;
				CLANG_WARN_EMPTY_BODY = YES;
				CLANG_WARN_ENUM_CONVERSION = YES;
				CLANG_WARN_INFINITE_RECURSION = YES;
				CLANG_WARN_INT_CONVERSION = YES;
				CLANG_WARN_NON_LITERAL_NULL_CONVERSION = YES;
				CLANG_WARN_OBJC_IMPLICIT_RETAIN_SELF = YES;
				CLANG_WARN_OBJC_LITERAL_CONVERSION = YES;
				CLANG_WARN_OBJC_ROOT_CLASS = YES_ERROR;
				CLANG_WARN_RANGE_LOOP_ANALYSIS = YES;
				CLANG_WARN_STRICT_PROTOTYPES = YES;
				CLANG_WARN_SUSPICIOUS_MOVE = YES;
				CLANG_WARN_UNGUARDED_AVAILABILITY = YES_AGGRESSIVE;
				CLANG_WARN_UNREACHABLE_CODE = YES;
				CLANG_WARN__DUPLICATE_METHOD_MATCH = YES;
				COPY_PHASE_STRIP = NO;
				DEBUG_INFORMATION_FORMAT = "dwarf-with-dsym";
				ENABLE_NS_ASSERTIONS = NO;
				ENABLE_STRICT_OBJC_MSGSEND = YES;
				GCC_C_LANGUAGE_STANDARD = gnu11;
				GCC_NO_COMMON_BLOCKS = YES;
				GCC_WARN_64_TO_32_BIT_CONVERSION = YES;
				GCC_WARN_ABOUT_RETURN_TYPE = YES_ERROR;
				GCC_WARN_UNDECLARED_SELECTOR = YES;
				GCC_WARN_UNINITIALIZED_AUTOS = YES_AGGRESSIVE;
				GCC_WARN_UNUSED_FUNCTION = YES;
				GCC_WARN_UNUSED_VARIABLE = YES;
				IPHONEOS_DEPLOYMENT_TARGET = 13.2;
				MTL_ENABLE_DEBUG_INFO = NO;
				MTL_FAST_MATH = YES;
				SDKROOT = iphoneos;
				SWIFT_COMPILATION_MODE = wholemodule;
				SWIFT_OPTIMIZATION_LEVEL = "-O";
				VALIDATE_PRODUCT = YES;
			};
			name = Release;
		};
		8497148C23DEE4A200E92190 /* Debug */ = {
			isa = XCBuildConfiguration;
			buildSettings = {
				ASSETCATALOG_COMPILER_APPICON_NAME = AppIcon;
				CODE_SIGN_STYLE = Automatic;
				DEVELOPMENT_TEAM = 4XKD9TR88A;
				INFOPLIST_FILE = Books_2/Info.plist;
				LD_RUNPATH_SEARCH_PATHS = (
					"$(inherited)",
					"@executable_path/Frameworks",
				);
				PRODUCT_BUNDLE_IDENTIFIER = "AlexC.Books-2";
				PRODUCT_NAME = "$(TARGET_NAME)";
				SWIFT_VERSION = 5.0;
				TARGETED_DEVICE_FAMILY = "1,2";
			};
			name = Debug;
		};
		8497148D23DEE4A200E92190 /* Release */ = {
			isa = XCBuildConfiguration;
			buildSettings = {
				ASSETCATALOG_COMPILER_APPICON_NAME = AppIcon;
				CODE_SIGN_STYLE = Automatic;
				DEVELOPMENT_TEAM = 4XKD9TR88A;
				INFOPLIST_FILE = Books_2/Info.plist;
				LD_RUNPATH_SEARCH_PATHS = (
					"$(inherited)",
					"@executable_path/Frameworks",
				);
				PRODUCT_BUNDLE_IDENTIFIER = "AlexC.Books-2";
				PRODUCT_NAME = "$(TARGET_NAME)";
				SWIFT_VERSION = 5.0;
				TARGETED_DEVICE_FAMILY = "1,2";
			};
			name = Release;
		};
/* End XCBuildConfiguration section */

/* Begin XCConfigurationList section */
		8497147223DEE4A100E92190 /* Build configuration list for PBXProject "Books_2" */ = {
			isa = XCConfigurationList;
			buildConfigurations = (
				8497148923DEE4A200E92190 /* Debug */,
				8497148A23DEE4A200E92190 /* Release */,
			);
			defaultConfigurationIsVisible = 0;
			defaultConfigurationName = Release;
		};
		8497148B23DEE4A200E92190 /* Build configuration list for PBXNativeTarget "Books_2" */ = {
			isa = XCConfigurationList;
			buildConfigurations = (
				8497148C23DEE4A200E92190 /* Debug */,
				8497148D23DEE4A200E92190 /* Release */,
			);
			defaultConfigurationIsVisible = 0;
			defaultConfigurationName = Release;
		};
/* End XCConfigurationList section */
	};
	rootObject = 8497146F23DEE4A100E92190 /* Project object */;
}
